
Microsoft Visual Studio Solution File, Format Version 12.00
# Visual Studio Version 16
VisualStudioVersion = 16.0.29806.167
MinimumVisualStudioVersion = 10.0.40219.1
Project("{FAE04EC0-301F-11D3-BF4B-00C04F79EFBC}") = "Autenticazione", "Autenticazione\Autenticazione.csproj", "{D1A87A79-179C-48E4-86A2-5BD32C2C8F2A}"
EndProject
Global
	GlobalSection(SolutionConfigurationPlatforms) = preSolution
		Debug|Any CPU = Debug|Any CPU
		Release|Any CPU = Release|Any CPU
	EndGlobalSection
	GlobalSection(ProjectConfigurationPlatforms) = postSolution
		{D1A87A79-179C-48E4-86A2-5BD32C2C8F2A}.Debug|Any CPU.ActiveCfg = Debug|Any CPU
		{D1A87A79-179C-48E4-86A2-5BD32C2C8F2A}.Debug|Any CPU.Build.0 = Debug|Any CPU
		{D1A87A79-179C-48E4-86A2-5BD32C2C8F2A}.Release|Any CPU.ActiveCfg = Release|Any CPU
		{D1A87A79-179C-48E4-86A2-5BD32C2C8F2A}.Release|Any CPU.Build.0 = Release|Any CPU
	EndGlobalSection
	GlobalSection(SolutionProperties) = preSolution
		HideSolutionNode = FALSE
	EndGlobalSection
	GlobalSection(ExtensibilityGlobals) = postSolution
		SolutionGuid = {E2575DCE-C154-4528-B5F8-819F7E0AB6E4}
	EndGlobalSection
EndGlobal
